
Microsoft Visual Studio Solution File, Format Version 12.00
# Visual Studio Version 16
VisualStudioVersion = 16.0.30413.136
MinimumVisualStudioVersion = 10.0.40219.1
Project("{9A19103F-16F7-4668-BE54-9A1E7A4F7556}") = "InputOutput", "InputOutput\InputOutput.csproj", "{66C8F4AB-6DA0-43EB-AE43-B81516FBF8C4}"
EndProject
Project("{9A19103F-16F7-4668-BE54-9A1E7A4F7556}") = "ConditionalStatement", "ConditionalStatement\ConditionalStatement.csproj", "{CBA68D00-B097-4ADE-BA8F-718C3563C143}"
EndProject
Project("{FAE04EC0-301F-11D3-BF4B-00C04F79EFBC}") = "Loops", "Loops\Loops.csproj", "{DC2F6113-0A5A-4B80-A477-0F360E996324}"
EndProject
Project("{FAE04EC0-301F-11D3-BF4B-00C04F79EFBC}") = "StringManipulation", "StringManipulation\StringManipulation.csproj", "{206B88CB-9C59-4F4B-9B56-181579D9018A}"
EndProject
Project("{FAE04EC0-301F-11D3-BF4B-00C04F79EFBC}") = "Collections", "Collections\Collections.csproj", "{0C62264E-1569-49F4-973A-A5C96480ECCC}"
EndProject
Project("{9A19103F-16F7-4668-BE54-9A1E7A4F7556}") = "Methods", "Methods\Methods.csproj", "{8D8314FC-74A4-4803-BBEF-69C7883874DB}"
EndProject
Project("{9A19103F-16F7-4668-BE54-9A1E7A4F7556}") = "Classes", "Classes\Classes.csproj", "{2486EA32-AAF6-408E-BDA6-E10EF526BE8A}"
EndProject
Project("{FAE04EC0-301F-11D3-BF4B-00C04F79EFBC}") = "ClassesVsParallelCollections", "ClassesVsParallelCollections\ClassesVsParallelCollections.csproj", "{BEE3FF6C-2DED-4603-A991-C3B65CB86A8D}"
EndProject
Global
	GlobalSection(SolutionConfigurationPlatforms) = preSolution
		Debug|Any CPU = Debug|Any CPU
		Release|Any CPU = Release|Any CPU
	EndGlobalSection
	GlobalSection(ProjectConfigurationPlatforms) = postSolution
		{66C8F4AB-6DA0-43EB-AE43-B81516FBF8C4}.Debug|Any CPU.ActiveCfg = Debug|Any CPU
		{66C8F4AB-6DA0-43EB-AE43-B81516FBF8C4}.Debug|Any CPU.Build.0 = Debug|Any CPU
		{66C8F4AB-6DA0-43EB-AE43-B81516FBF8C4}.Release|Any CPU.ActiveCfg = Release|Any CPU
		{66C8F4AB-6DA0-43EB-AE43-B81516FBF8C4}.Release|Any CPU.Build.0 = Release|Any CPU
		{CBA68D00-B097-4ADE-BA8F-718C3563C143}.Debug|Any CPU.ActiveCfg = Debug|Any CPU
		{CBA68D00-B097-4ADE-BA8F-718C3563C143}.Debug|Any CPU.Build.0 = Debug|Any CPU
		{CBA68D00-B097-4ADE-BA8F-718C3563C143}.Release|Any CPU.ActiveCfg = Release|Any CPU
		{CBA68D00-B097-4ADE-BA8F-718C3563C143}.Release|Any CPU.Build.0 = Release|Any CPU
		{DC2F6113-0A5A-4B80-A477-0F360E996324}.Debug|Any CPU.ActiveCfg = Debug|Any CPU
		{DC2F6113-0A5A-4B80-A477-0F360E996324}.Debug|Any CPU.Build.0 = Debug|Any CPU
		{DC2F6113-0A5A-4B80-A477-0F360E996324}.Release|Any CPU.ActiveCfg = Release|Any CPU
		{DC2F6113-0A5A-4B80-A477-0F360E996324}.Release|Any CPU.Build.0 = Release|Any CPU
		{206B88CB-9C59-4F4B-9B56-181579D9018A}.Debug|Any CPU.ActiveCfg = Debug|Any CPU
		{206B88CB-9C59-4F4B-9B56-181579D9018A}.Debug|Any CPU.Build.0 = Debug|Any CPU
		{206B88CB-9C59-4F4B-9B56-181579D9018A}.Release|Any CPU.ActiveCfg = Release|Any CPU
		{206B88CB-9C59-4F4B-9B56-181579D9018A}.Release|Any CPU.Build.0 = Release|Any CPU
		{0C62264E-1569-49F4-973A-A5C96480ECCC}.Debug|Any CPU.ActiveCfg = Debug|Any CPU
		{0C62264E-1569-49F4-973A-A5C96480ECCC}.Debug|Any CPU.Build.0 = Debug|Any CPU
		{0C62264E-1569-49F4-973A-A5C96480ECCC}.Release|Any CPU.ActiveCfg = Release|Any CPU
		{0C62264E-1569-49F4-973A-A5C96480ECCC}.Release|Any CPU.Build.0 = Release|Any CPU
		{8D8314FC-74A4-4803-BBEF-69C7883874DB}.Debug|Any CPU.ActiveCfg = Debug|Any CPU
		{8D8314FC-74A4-4803-BBEF-69C7883874DB}.Debug|Any CPU.Build.0 = Debug|Any CPU
		{8D8314FC-74A4-4803-BBEF-69C7883874DB}.Release|Any CPU.ActiveCfg = Release|Any CPU
		{8D8314FC-74A4-4803-BBEF-69C7883874DB}.Release|Any CPU.Build.0 = Release|Any CPU
		{2486EA32-AAF6-408E-BDA6-E10EF526BE8A}.Debug|Any CPU.ActiveCfg = Debug|Any CPU
		{2486EA32-AAF6-408E-BDA6-E10EF526BE8A}.Debug|Any CPU.Build.0 = Debug|Any CPU
		{2486EA32-AAF6-408E-BDA6-E10EF526BE8A}.Release|Any CPU.ActiveCfg = Release|Any CPU
		{2486EA32-AAF6-408E-BDA6-E10EF526BE8A}.Release|Any CPU.Build.0 = Release|Any CPU
		{BEE3FF6C-2DED-4603-A991-C3B65CB86A8D}.Debug|Any CPU.ActiveCfg = Debug|Any CPU
		{BEE3FF6C-2DED-4603-A991-C3B65CB86A8D}.Debug|Any CPU.Build.0 = Debug|Any CPU
		{BEE3FF6C-2DED-4603-A991-C3B65CB86A8D}.Release|Any CPU.ActiveCfg = Release|Any CPU
		{BEE3FF6C-2DED-4603-A991-C3B65CB86A8D}.Release|Any CPU.Build.0 = Release|Any CPU
	EndGlobalSection
	GlobalSection(SolutionProperties) = preSolution
		HideSolutionNode = FALSE
	EndGlobalSection
	GlobalSection(ExtensibilityGlobals) = postSolution
		SolutionGuid = {C49EEC29-7476-4ED4-BA02-F412E569D670}
	EndGlobalSection
EndGlobal
